
Microsoft Visual Studio Solution File, Format Version 12.00
# Visual Studio Version 17
VisualStudioVersion = 17.7.34024.191
MinimumVisualStudioVersion = 10.0.40219.1
Project("{9A19103F-16F7-4668-BE54-9A1E7A4F7556}") = "UnitTestingA1Base", "UnitTestingA1Base\UnitTestingA1Base.csproj", "{74F53996-A2F8-40FE-A36F-5966FEB18FE7}"
EndProject
Project("{FAE04EC0-301F-11D3-BF4B-00C04F79EFBC}") = "RecipeUnitTest", "RecipeUnitTest\RecipeUnitTest.csproj", "{319A92D2-1339-42AF-A283-45DA9C3ACFAA}"
EndProject
Global
	GlobalSection(SolutionConfigurationPlatforms) = preSolution
		Debug|Any CPU = Debug|Any CPU
		Release|Any CPU = Release|Any CPU
	EndGlobalSection
	GlobalSection(ProjectConfigurationPlatforms) = postSolution
		{74F53996-A2F8-40FE-A36F-5966FEB18FE7}.Debug|Any CPU.ActiveCfg = Debug|Any CPU
		{74F53996-A2F8-40FE-A36F-5966FEB18FE7}.Debug|Any CPU.Build.0 = Debug|Any CPU
		{74F53996-A2F8-40FE-A36F-5966FEB18FE7}.Release|Any CPU.ActiveCfg = Release|Any CPU
		{74F53996-A2F8-40FE-A36F-5966FEB18FE7}.Release|Any CPU.Build.0 = Release|Any CPU
		{319A92D2-1339-42AF-A283-45DA9C3ACFAA}.Debug|Any CPU.ActiveCfg = Debug|Any CPU
		{319A92D2-1339-42AF-A283-45DA9C3ACFAA}.Debug|Any CPU.Build.0 = Debug|Any CPU
		{319A92D2-1339-42AF-A283-45DA9C3ACFAA}.Release|Any CPU.ActiveCfg = Release|Any CPU
		{319A92D2-1339-42AF-A283-45DA9C3ACFAA}.Release|Any CPU.Build.0 = Release|Any CPU
	EndGlobalSection
	GlobalSection(SolutionProperties) = preSolution
		HideSolutionNode = FALSE
	EndGlobalSection
	GlobalSection(ExtensibilityGlobals) = postSolution
		SolutionGuid = {53969355-AD22-47AE-B832-5C82CD78B939}
	EndGlobalSection
EndGlobal
